// !$*UTF8*$!
{
	archiveVersion = 1;
	classes = {
	};
	objectVersion = 77;
	objects = {

/* Begin PBXBuildFile section */
		571F21152CF49AF300DC02E6 /* CoinAPIErrorModel.swift in Sources */ = {isa = PBXBuildFile; fileRef = 571F21142CF49AF300DC02E6 /* CoinAPIErrorModel.swift */; };
		572E9D102CEDCCDA00DC1813 /* TokenTrackerApp.swift in Sources */ = {isa = PBXBuildFile; fileRef = 572E9D0F2CEDCCDA00DC1813 /* TokenTrackerApp.swift */; };
		572E9D3A2CEDCE2100DC1813 /* SearchBarView.swift in Sources */ = {isa = PBXBuildFile; fileRef = 572E9D392CEDCE2100DC1813 /* SearchBarView.swift */; };
/* End PBXBuildFile section */

/* Begin PBXContainerItemProxy section */
		572E9D1D2CEDCCDE00DC1813 /* PBXContainerItemProxy */ = {
			isa = PBXContainerItemProxy;
			containerPortal = 572E9D042CEDCCDA00DC1813 /* Project object */;
			proxyType = 1;
			remoteGlobalIDString = 572E9D0B2CEDCCDA00DC1813;
			remoteInfo = TokenTracker;
		};
		572E9D272CEDCCDE00DC1813 /* PBXContainerItemProxy */ = {
			isa = PBXContainerItemProxy;
			containerPortal = 572E9D042CEDCCDA00DC1813 /* Project object */;
			proxyType = 1;
			remoteGlobalIDString = 572E9D0B2CEDCCDA00DC1813;
			remoteInfo = TokenTracker;
		};
/* End PBXContainerItemProxy section */

/* Begin PBXFileReference section */
		571F21142CF49AF300DC02E6 /* CoinAPIErrorModel.swift */ = {isa = PBXFileReference; lastKnownFileType = sourcecode.swift; path = CoinAPIErrorModel.swift; sourceTree = "<group>"; };
		572E9D0C2CEDCCDA00DC1813 /* TokenTracker.app */ = {isa = PBXFileReference; explicitFileType = wrapper.application; includeInIndex = 0; path = TokenTracker.app; sourceTree = BUILT_PRODUCTS_DIR; };
		572E9D0F2CEDCCDA00DC1813 /* TokenTrackerApp.swift */ = {isa = PBXFileReference; lastKnownFileType = sourcecode.swift; path = TokenTrackerApp.swift; sourceTree = "<group>"; };
		572E9D1C2CEDCCDE00DC1813 /* TokenTrackerTests.xctest */ = {isa = PBXFileReference; explicitFileType = wrapper.cfbundle; includeInIndex = 0; path = TokenTrackerTests.xctest; sourceTree = BUILT_PRODUCTS_DIR; };
		572E9D262CEDCCDE00DC1813 /* TokenTrackerUITests.xctest */ = {isa = PBXFileReference; explicitFileType = wrapper.cfbundle; includeInIndex = 0; path = TokenTrackerUITests.xctest; sourceTree = BUILT_PRODUCTS_DIR; };
		572E9D392CEDCE2100DC1813 /* SearchBarView.swift */ = {isa = PBXFileReference; lastKnownFileType = sourcecode.swift; path = SearchBarView.swift; sourceTree = "<group>"; };
/* End PBXFileReference section */

/* Begin PBXFileSystemSynchronizedBuildFileExceptionSet section */
		571F21012CF4953500DC02E6 /* Exceptions for "View" folder in "TokenTracker" target */ = {
			isa = PBXFileSystemSynchronizedBuildFileExceptionSet;
			membershipExceptions = (
				DetailView.swift,
			);
			target = 572E9D0B2CEDCCDA00DC1813 /* TokenTracker */;
		};
		571F21022CF4954D00DC02E6 /* Exceptions for "Model" folder in "TokenTracker" target */ = {
			isa = PBXFileSystemSynchronizedBuildFileExceptionSet;
			membershipExceptions = (
				CoinDetailModel.swift,
			);
			target = 572E9D0B2CEDCCDA00DC1813 /* TokenTracker */;
		};
		571F21062CF4956800DC02E6 /* Exceptions for "ViewModel" folder in "TokenTracker" target */ = {
			isa = PBXFileSystemSynchronizedBuildFileExceptionSet;
			membershipExceptions = (
				" DetailViewModel.swift",
			);
			target = 572E9D0B2CEDCCDA00DC1813 /* TokenTracker */;
		};
		571F21092CF4959F00DC02E6 /* Exceptions for "Service" folder in "TokenTracker" target */ = {
			isa = PBXFileSystemSynchronizedBuildFileExceptionSet;
			membershipExceptions = (
				CoinDetailDataService.swift,
			);
			target = 572E9D0B2CEDCCDA00DC1813 /* TokenTracker */;
		};
		571F210C2CF4966400DC02E6 /* Exceptions for "View" folder in "TokenTracker" target */ = {
			isa = PBXFileSystemSynchronizedBuildFileExceptionSet;
			membershipExceptions = (
				ContentView.swift,
			);
			target = 572E9D0B2CEDCCDA00DC1813 /* TokenTracker */;
		};
		571F210E2CF496C200DC02E6 /* Exceptions for "ViewModel" folder in "TokenTracker" target */ = {
			isa = PBXFileSystemSynchronizedBuildFileExceptionSet;
			membershipExceptions = (
				ContentViewModel.swift,
			);
			target = 572E9D0B2CEDCCDA00DC1813 /* TokenTracker */;
		};
		571F21102CF497B400DC02E6 /* Exceptions for "Model" folder in "TokenTracker" target */ = {
			isa = PBXFileSystemSynchronizedBuildFileExceptionSet;
			membershipExceptions = (
				CoinModel.swift,
			);
			target = 572E9D0B2CEDCCDA00DC1813 /* TokenTracker */;
		};
		571F21122CF497F200DC02E6 /* Exceptions for "Service" folder in "TokenTracker" target */ = {
			isa = PBXFileSystemSynchronizedBuildFileExceptionSet;
			membershipExceptions = (
				CoinDataService.swift,
			);
			target = 572E9D0B2CEDCCDA00DC1813 /* TokenTracker */;
		};
/* End PBXFileSystemSynchronizedBuildFileExceptionSet section */

/* Begin PBXFileSystemSynchronizedRootGroup section */
		571F20FD2CF4945000DC02E6 /* View */ = {
			isa = PBXFileSystemSynchronizedRootGroup;
			exceptions = (
				571F21012CF4953500DC02E6 /* Exceptions for "View" folder in "TokenTracker" target */,
			);
			path = View;
			sourceTree = "<group>";
		};
		571F20FE2CF4947100DC02E6 /* ViewModel */ = {
			isa = PBXFileSystemSynchronizedRootGroup;
			exceptions = (
				571F21062CF4956800DC02E6 /* Exceptions for "ViewModel" folder in "TokenTracker" target */,
			);
			path = ViewModel;
			sourceTree = "<group>";
		};
		571F20FF2CF494AC00DC02E6 /* Model */ = {
			isa = PBXFileSystemSynchronizedRootGroup;
			exceptions = (
				571F21022CF4954D00DC02E6 /* Exceptions for "Model" folder in "TokenTracker" target */,
			);
			path = Model;
			sourceTree = "<group>";
		};
		571F21002CF494C500DC02E6 /* Service */ = {
			isa = PBXFileSystemSynchronizedRootGroup;
			exceptions = (
				571F21092CF4959F00DC02E6 /* Exceptions for "Service" folder in "TokenTracker" target */,
			);
			path = Service;
			sourceTree = "<group>";
		};
		571F210B2CF4965300DC02E6 /* View */ = {
			isa = PBXFileSystemSynchronizedRootGroup;
			exceptions = (
				571F210C2CF4966400DC02E6 /* Exceptions for "View" folder in "TokenTracker" target */,
			);
			path = View;
			sourceTree = "<group>";
		};
		571F210D2CF496A500DC02E6 /* ViewModel */ = {
			isa = PBXFileSystemSynchronizedRootGroup;
			exceptions = (
				571F210E2CF496C200DC02E6 /* Exceptions for "ViewModel" folder in "TokenTracker" target */,
			);
			path = ViewModel;
			sourceTree = "<group>";
		};
		571F210F2CF497A800DC02E6 /* Model */ = {
			isa = PBXFileSystemSynchronizedRootGroup;
			exceptions = (
				571F21102CF497B400DC02E6 /* Exceptions for "Model" folder in "TokenTracker" target */,
			);
			path = Model;
			sourceTree = "<group>";
		};
		571F21112CF497D400DC02E6 /* Service */ = {
			isa = PBXFileSystemSynchronizedRootGroup;
			exceptions = (
				571F21122CF497F200DC02E6 /* Exceptions for "Service" folder in "TokenTracker" target */,
			);
			path = Service;
			sourceTree = "<group>";
		};
		572E9D0E2CEDCCDA00DC1813 /* TokenTracker */ = {
			isa = PBXFileSystemSynchronizedRootGroup;
			path = TokenTracker;
			sourceTree = "<group>";
		};
		572E9D1F2CEDCCDE00DC1813 /* TokenTrackerTests */ = {
			isa = PBXFileSystemSynchronizedRootGroup;
			path = TokenTrackerTests;
			sourceTree = "<group>";
		};
		572E9D292CEDCCDE00DC1813 /* TokenTrackerUITests */ = {
			isa = PBXFileSystemSynchronizedRootGroup;
			path = TokenTrackerUITests;
			sourceTree = "<group>";
		};
/* End PBXFileSystemSynchronizedRootGroup section */

/* Begin PBXFrameworksBuildPhase section */
		572E9D092CEDCCDA00DC1813 /* Frameworks */ = {
			isa = PBXFrameworksBuildPhase;
			buildActionMask = 2147483647;
			files = (
			);
			runOnlyForDeploymentPostprocessing = 0;
		};
		572E9D192CEDCCDE00DC1813 /* Frameworks */ = {
			isa = PBXFrameworksBuildPhase;
			buildActionMask = 2147483647;
			files = (
			);
			runOnlyForDeploymentPostprocessing = 0;
		};
		572E9D232CEDCCDE00DC1813 /* Frameworks */ = {
			isa = PBXFrameworksBuildPhase;
			buildActionMask = 2147483647;
			files = (
			);
			runOnlyForDeploymentPostprocessing = 0;
		};
/* End PBXFrameworksBuildPhase section */

/* Begin PBXGroup section */
		571F20FC2CF4942500DC02E6 /* DetailView */ = {
			isa = PBXGroup;
			children = (
				571F21002CF494C500DC02E6 /* Service */,
				571F20FF2CF494AC00DC02E6 /* Model */,
				571F20FE2CF4947100DC02E6 /* ViewModel */,
				571F20FD2CF4945000DC02E6 /* View */,
			);
			path = DetailView;
			sourceTree = "<group>";
		};
		571F210A2CF4963300DC02E6 /* ContentView */ = {
			isa = PBXGroup;
			children = (
				571F21112CF497D400DC02E6 /* Service */,
				571F210F2CF497A800DC02E6 /* Model */,
				571F210D2CF496A500DC02E6 /* ViewModel */,
				571F210B2CF4965300DC02E6 /* View */,
			);
			path = ContentView;
			sourceTree = "<group>";
		};
		571F21132CF49AA200DC02E6 /* CoinAPIError */ = {
			isa = PBXGroup;
			children = (
				571F21142CF49AF300DC02E6 /* CoinAPIErrorModel.swift */,
			);
			path = CoinAPIError;
			sourceTree = "<group>";
		};
		572E9D032CEDCCDA00DC1813 = {
			isa = PBXGroup;
			children = (
				572E9D0F2CEDCCDA00DC1813 /* TokenTrackerApp.swift */,
				571F21132CF49AA200DC02E6 /* CoinAPIError */,
				571F210A2CF4963300DC02E6 /* ContentView */,
				571F20FC2CF4942500DC02E6 /* DetailView */,
				572E9D3E2CEDCEDD00DC1813 /* SearchBar */,
				572E9D0E2CEDCCDA00DC1813 /* TokenTracker */,
				572E9D1F2CEDCCDE00DC1813 /* TokenTrackerTests */,
				572E9D292CEDCCDE00DC1813 /* TokenTrackerUITests */,
				572E9D0D2CEDCCDA00DC1813 /* Products */,
			);
			sourceTree = "<group>";
		};
		572E9D0D2CEDCCDA00DC1813 /* Products */ = {
			isa = PBXGroup;
			children = (
				572E9D0C2CEDCCDA00DC1813 /* TokenTracker.app */,
				572E9D1C2CEDCCDE00DC1813 /* TokenTrackerTests.xctest */,
				572E9D262CEDCCDE00DC1813 /* TokenTrackerUITests.xctest */,
			);
			name = Products;
			sourceTree = "<group>";
		};
		572E9D3E2CEDCEDD00DC1813 /* SearchBar */ = {
			isa = PBXGroup;
			children = (
				572E9D392CEDCE2100DC1813 /* SearchBarView.swift */,
			);
			path = SearchBar;
			sourceTree = "<group>";
		};
/* End PBXGroup section */

/* Begin PBXNativeTarget section */
		572E9D0B2CEDCCDA00DC1813 /* TokenTracker */ = {
			isa = PBXNativeTarget;
			buildConfigurationList = 572E9D302CEDCCDE00DC1813 /* Build configuration list for PBXNativeTarget "TokenTracker" */;
			buildPhases = (
				572E9D082CEDCCDA00DC1813 /* Sources */,
				572E9D092CEDCCDA00DC1813 /* Frameworks */,
				572E9D0A2CEDCCDA00DC1813 /* Resources */,
			);
			buildRules = (
			);
			dependencies = (
			);
			fileSystemSynchronizedGroups = (
				572E9D0E2CEDCCDA00DC1813 /* TokenTracker */,
			);
			name = TokenTracker;
			packageProductDependencies = (
			);
			productName = TokenTracker;
			productReference = 572E9D0C2CEDCCDA00DC1813 /* TokenTracker.app */;
			productType = "com.apple.product-type.application";
		};
		572E9D1B2CEDCCDE00DC1813 /* TokenTrackerTests */ = {
			isa = PBXNativeTarget;
			buildConfigurationList = 572E9D332CEDCCDE00DC1813 /* Build configuration list for PBXNativeTarget "TokenTrackerTests" */;
			buildPhases = (
				572E9D182CEDCCDE00DC1813 /* Sources */,
				572E9D192CEDCCDE00DC1813 /* Frameworks */,
				572E9D1A2CEDCCDE00DC1813 /* Resources */,
			);
			buildRules = (
			);
			dependencies = (
				572E9D1E2CEDCCDE00DC1813 /* PBXTargetDependency */,
			);
			fileSystemSynchronizedGroups = (
				572E9D1F2CEDCCDE00DC1813 /* TokenTrackerTests */,
			);
			name = TokenTrackerTests;
			packageProductDependencies = (
			);
			productName = TokenTrackerTests;
			productReference = 572E9D1C2CEDCCDE00DC1813 /* TokenTrackerTests.xctest */;
			productType = "com.apple.product-type.bundle.unit-test";
		};
		572E9D252CEDCCDE00DC1813 /* TokenTrackerUITests */ = {
			isa = PBXNativeTarget;
			buildConfigurationList = 572E9D362CEDCCDE00DC1813 /* Build configuration list for PBXNativeTarget "TokenTrackerUITests" */;
			buildPhases = (
				572E9D222CEDCCDE00DC1813 /* Sources */,
				572E9D232CEDCCDE00DC1813 /* Frameworks */,
				572E9D242CEDCCDE00DC1813 /* Resources */,
			);
			buildRules = (
			);
			dependencies = (
				572E9D282CEDCCDE00DC1813 /* PBXTargetDependency */,
			);
			fileSystemSynchronizedGroups = (
				572E9D292CEDCCDE00DC1813 /* TokenTrackerUITests */,
			);
			name = TokenTrackerUITests;
			packageProductDependencies = (
			);
			productName = TokenTrackerUITests;
			productReference = 572E9D262CEDCCDE00DC1813 /* TokenTrackerUITests.xctest */;
			productType = "com.apple.product-type.bundle.ui-testing";
		};
/* End PBXNativeTarget section */

/* Begin PBXProject section */
		572E9D042CEDCCDA00DC1813 /* Project object */ = {
			isa = PBXProject;
			attributes = {
				BuildIndependentTargetsInParallel = 1;
				LastSwiftUpdateCheck = 1610;
				LastUpgradeCheck = 1610;
				TargetAttributes = {
					572E9D0B2CEDCCDA00DC1813 = {
						CreatedOnToolsVersion = 16.1;
					};
					572E9D1B2CEDCCDE00DC1813 = {
						CreatedOnToolsVersion = 16.1;
						TestTargetID = 572E9D0B2CEDCCDA00DC1813;
					};
					572E9D252CEDCCDE00DC1813 = {
						CreatedOnToolsVersion = 16.1;
						TestTargetID = 572E9D0B2CEDCCDA00DC1813;
					};
				};
			};
			buildConfigurationList = 572E9D072CEDCCDA00DC1813 /* Build configuration list for PBXProject "TokenTracker" */;
			developmentRegion = en;
			hasScannedForEncodings = 0;
			knownRegions = (
				en,
				Base,
			);
			mainGroup = 572E9D032CEDCCDA00DC1813;
			minimizedProjectReferenceProxies = 1;
			packageReferences = (
			);
			preferredProjectObjectVersion = 77;
			productRefGroup = 572E9D0D2CEDCCDA00DC1813 /* Products */;
			projectDirPath = "";
			projectRoot = "";
			targets = (
				572E9D0B2CEDCCDA00DC1813 /* TokenTracker */,
				572E9D1B2CEDCCDE00DC1813 /* TokenTrackerTests */,
				572E9D252CEDCCDE00DC1813 /* TokenTrackerUITests */,
			);
		};
/* End PBXProject section */

/* Begin PBXResourcesBuildPhase section */
		572E9D0A2CEDCCDA00DC1813 /* Resources */ = {
			isa = PBXResourcesBuildPhase;
			buildActionMask = 2147483647;
			files = (
			);
			runOnlyForDeploymentPostprocessing = 0;
		};
		572E9D1A2CEDCCDE00DC1813 /* Resources */ = {
			isa = PBXResourcesBuildPhase;
			buildActionMask = 2147483647;
			files = (
			);
			runOnlyForDeploymentPostprocessing = 0;
		};
		572E9D242CEDCCDE00DC1813 /* Resources */ = {
			isa = PBXResourcesBuildPhase;
			buildActionMask = 2147483647;
			files = (
			);
			runOnlyForDeploymentPostprocessing = 0;
		};
/* End PBXResourcesBuildPhase section */

/* Begin PBXSourcesBuildPhase section */
		572E9D082CEDCCDA00DC1813 /* Sources */ = {
			isa = PBXSourcesBuildPhase;
			buildActionMask = 2147483647;
			files = (
				571F21152CF49AF300DC02E6 /* CoinAPIErrorModel.swift in Sources */,
				572E9D3A2CEDCE2100DC1813 /* SearchBarView.swift in Sources */,
				572E9D102CEDCCDA00DC1813 /* TokenTrackerApp.swift in Sources */,
			);
			runOnlyForDeploymentPostprocessing = 0;
		};
		572E9D182CEDCCDE00DC1813 /* Sources */ = {
			isa = PBXSourcesBuildPhase;
			buildActionMask = 2147483647;
			files = (
			);
			runOnlyForDeploymentPostprocessing = 0;
		};
		572E9D222CEDCCDE00DC1813 /* Sources */ = {
			isa = PBXSourcesBuildPhase;
			buildActionMask = 2147483647;
			files = (
			);
			runOnlyForDeploymentPostprocessing = 0;
		};
/* End PBXSourcesBuildPhase section */

/* Begin PBXTargetDependency section */
		572E9D1E2CEDCCDE00DC1813 /* PBXTargetDependency */ = {
			isa = PBXTargetDependency;
			target = 572E9D0B2CEDCCDA00DC1813 /* TokenTracker */;
			targetProxy = 572E9D1D2CEDCCDE00DC1813 /* PBXContainerItemProxy */;
		};
		572E9D282CEDCCDE00DC1813 /* PBXTargetDependency */ = {
			isa = PBXTargetDependency;
			target = 572E9D0B2CEDCCDA00DC1813 /* TokenTracker */;
			targetProxy = 572E9D272CEDCCDE00DC1813 /* PBXContainerItemProxy */;
		};
/* End PBXTargetDependency section */

/* Begin XCBuildConfiguration section */
		572E9D2E2CEDCCDE00DC1813 /* Debug */ = {
			isa = XCBuildConfiguration;
			buildSettings = {
				ALWAYS_SEARCH_USER_PATHS = NO;
				ASSETCATALOG_COMPILER_GENERATE_SWIFT_ASSET_SYMBOL_EXTENSIONS = YES;
				CLANG_ANALYZER_NONNULL = YES;
				CLANG_ANALYZER_NUMBER_OBJECT_CONVERSION = YES_AGGRESSIVE;
				CLANG_CXX_LANGUAGE_STANDARD = "gnu++20";
				CLANG_ENABLE_MODULES = YES;
				CLANG_ENABLE_OBJC_ARC = YES;
				CLANG_ENABLE_OBJC_WEAK = YES;
				CLANG_WARN_BLOCK_CAPTURE_AUTORELEASING = YES;
				CLANG_WARN_BOOL_CONVERSION = YES;
				CLANG_WARN_COMMA = YES;
				CLANG_WARN_CONSTANT_CONVERSION = YES;
				CLANG_WARN_DEPRECATED_OBJC_IMPLEMENTATIONS = YES;
				CLANG_WARN_DIRECT_OBJC_ISA_USAGE = YES_ERROR;
				CLANG_WARN_DOCUMENTATION_COMMENTS = YES;
				CLANG_WARN_EMPTY_BODY = YES;
				CLANG_WARN_ENUM_CONVERSION = YES;
				CLANG_WARN_INFINITE_RECURSION = YES;
				CLANG_WARN_INT_CONVERSION = YES;
				CLANG_WARN_NON_LITERAL_NULL_CONVERSION = YES;
				CLANG_WARN_OBJC_IMPLICIT_RETAIN_SELF = YES;
				CLANG_WARN_OBJC_LITERAL_CONVERSION = YES;
				CLANG_WARN_OBJC_ROOT_CLASS = YES_ERROR;
				CLANG_WARN_QUOTED_INCLUDE_IN_FRAMEWORK_HEADER = YES;
				CLANG_WARN_RANGE_LOOP_ANALYSIS = YES;
				CLANG_WARN_STRICT_PROTOTYPES = YES;
				CLANG_WARN_SUSPICIOUS_MOVE = YES;
				CLANG_WARN_UNGUARDED_AVAILABILITY = YES_AGGRESSIVE;
				CLANG_WARN_UNREACHABLE_CODE = YES;
				CLANG_WARN__DUPLICATE_METHOD_MATCH = YES;
				COPY_PHASE_STRIP = NO;
				DEBUG_INFORMATION_FORMAT = dwarf;
				ENABLE_STRICT_OBJC_MSGSEND = YES;
				ENABLE_TESTABILITY = YES;
				ENABLE_USER_SCRIPT_SANDBOXING = YES;
				GCC_C_LANGUAGE_STANDARD = gnu17;
				GCC_DYNAMIC_NO_PIC = NO;
				GCC_NO_COMMON_BLOCKS = YES;
				GCC_OPTIMIZATION_LEVEL = 0;
				GCC_PREPROCESSOR_DEFINITIONS = (
					"DEBUG=1",
					"$(inherited)",
				);
				GCC_WARN_64_TO_32_BIT_CONVERSION = YES;
				GCC_WARN_ABOUT_RETURN_TYPE = YES_ERROR;
				GCC_WARN_UNDECLARED_SELECTOR = YES;
				GCC_WARN_UNINITIALIZED_AUTOS = YES_AGGRESSIVE;
				GCC_WARN_UNUSED_FUNCTION = YES;
				GCC_WARN_UNUSED_VARIABLE = YES;
				IPHONEOS_DEPLOYMENT_TARGET = 18.1;
				LOCALIZATION_PREFERS_STRING_CATALOGS = YES;
				MTL_ENABLE_DEBUG_INFO = INCLUDE_SOURCE;
				MTL_FAST_MATH = YES;
				ONLY_ACTIVE_ARCH = YES;
				SDKROOT = iphoneos;
				SWIFT_ACTIVE_COMPILATION_CONDITIONS = "DEBUG $(inherited)";
				SWIFT_OPTIMIZATION_LEVEL = "-Onone";
			};
			name = Debug;
		};
		572E9D2F2CEDCCDE00DC1813 /* Release */ = {
			isa = XCBuildConfiguration;
			buildSettings = {
				ALWAYS_SEARCH_USER_PATHS = NO;
				ASSETCATALOG_COMPILER_GENERATE_SWIFT_ASSET_SYMBOL_EXTENSIONS = YES;
				CLANG_ANALYZER_NONNULL = YES;
				CLANG_ANALYZER_NUMBER_OBJECT_CONVERSION = YES_AGGRESSIVE;
				CLANG_CXX_LANGUAGE_STANDARD = "gnu++20";
				CLANG_ENABLE_MODULES = YES;
				CLANG_ENABLE_OBJC_ARC = YES;
				CLANG_ENABLE_OBJC_WEAK = YES;
				CLANG_WARN_BLOCK_CAPTURE_AUTORELEASING = YES;
				CLANG_WARN_BOOL_CONVERSION = YES;
				CLANG_WARN_COMMA = YES;
				CLANG_WARN_CONSTANT_CONVERSION = YES;
				CLANG_WARN_DEPRECATED_OBJC_IMPLEMENTATIONS = YES;
				CLANG_WARN_DIRECT_OBJC_ISA_USAGE = YES_ERROR;
				CLANG_WARN_DOCUMENTATION_COMMENTS = YES;
				CLANG_WARN_EMPTY_BODY = YES;
				CLANG_WARN_ENUM_CONVERSION = YES;
				CLANG_WARN_INFINITE_RECURSION = YES;
				CLANG_WARN_INT_CONVERSION = YES;
				CLANG_WARN_NON_LITERAL_NULL_CONVERSION = YES;
				CLANG_WARN_OBJC_IMPLICIT_RETAIN_SELF = YES;
				CLANG_WARN_OBJC_LITERAL_CONVERSION = YES;
				CLANG_WARN_OBJC_ROOT_CLASS = YES_ERROR;
				CLANG_WARN_QUOTED_INCLUDE_IN_FRAMEWORK_HEADER = YES;
				CLANG_WARN_RANGE_LOOP_ANALYSIS = YES;
				CLANG_WARN_STRICT_PROTOTYPES = YES;
				CLANG_WARN_SUSPICIOUS_MOVE = YES;
				CLANG_WARN_UNGUARDED_AVAILABILITY = YES_AGGRESSIVE;
				CLANG_WARN_UNREACHABLE_CODE = YES;
				CLANG_WARN__DUPLICATE_METHOD_MATCH = YES;
				COPY_PHASE_STRIP = NO;
				DEBUG_INFORMATION_FORMAT = "dwarf-with-dsym";
				ENABLE_NS_ASSERTIONS = NO;
				ENABLE_STRICT_OBJC_MSGSEND = YES;
				ENABLE_USER_SCRIPT_SANDBOXING = YES;
				GCC_C_LANGUAGE_STANDARD = gnu17;
				GCC_NO_COMMON_BLOCKS = YES;
				GCC_WARN_64_TO_32_BIT_CONVERSION = YES;
				GCC_WARN_ABOUT_RETURN_TYPE = YES_ERROR;
				GCC_WARN_UNDECLARED_SELECTOR = YES;
				GCC_WARN_UNINITIALIZED_AUTOS = YES_AGGRESSIVE;
				GCC_WARN_UNUSED_FUNCTION = YES;
				GCC_WARN_UNUSED_VARIABLE = YES;
				IPHONEOS_DEPLOYMENT_TARGET = 18.1;
				LOCALIZATION_PREFERS_STRING_CATALOGS = YES;
				MTL_ENABLE_DEBUG_INFO = NO;
				MTL_FAST_MATH = YES;
				SDKROOT = iphoneos;
				SWIFT_COMPILATION_MODE = wholemodule;
				VALIDATE_PRODUCT = YES;
			};
			name = Release;
		};
		572E9D312CEDCCDE00DC1813 /* Debug */ = {
			isa = XCBuildConfiguration;
			buildSettings = {
				ASSETCATALOG_COMPILER_APPICON_NAME = AppIcon;
				ASSETCATALOG_COMPILER_GLOBAL_ACCENT_COLOR_NAME = AccentColor;
				CODE_SIGN_STYLE = Automatic;
				CURRENT_PROJECT_VERSION = 1;
				DEVELOPMENT_ASSET_PATHS = "\"TokenTracker/Preview Content\"";
				ENABLE_PREVIEWS = YES;
				GENERATE_INFOPLIST_FILE = YES;
				INFOPLIST_KEY_UIApplicationSceneManifest_Generation = YES;
				INFOPLIST_KEY_UIApplicationSupportsIndirectInputEvents = YES;
				INFOPLIST_KEY_UILaunchScreen_Generation = YES;
				INFOPLIST_KEY_UISupportedInterfaceOrientations_iPad = "UIInterfaceOrientationPortrait UIInterfaceOrientationPortraitUpsideDown UIInterfaceOrientationLandscapeLeft UIInterfaceOrientationLandscapeRight";
				INFOPLIST_KEY_UISupportedInterfaceOrientations_iPhone = "UIInterfaceOrientationPortrait UIInterfaceOrientationLandscapeLeft UIInterfaceOrientationLandscapeRight";
				LD_RUNPATH_SEARCH_PATHS = (
					"$(inherited)",
					"@executable_path/Frameworks",
				);
				MARKETING_VERSION = 1.0;
				PRODUCT_BUNDLE_IDENTIFIER = product.TokenTracker;
				PRODUCT_NAME = "$(TARGET_NAME)";
				SWIFT_EMIT_LOC_STRINGS = YES;
				SWIFT_VERSION = 5.0;
				TARGETED_DEVICE_FAMILY = "1,2";
			};
			name = Debug;
		};
		572E9D322CEDCCDE00DC1813 /* Release */ = {
			isa = XCBuildConfiguration;
			buildSettings = {
				ASSETCATALOG_COMPILER_APPICON_NAME = AppIcon;
				ASSETCATALOG_COMPILER_GLOBAL_ACCENT_COLOR_NAME = AccentColor;
				CODE_SIGN_STYLE = Automatic;
				CURRENT_PROJECT_VERSION = 1;
				DEVELOPMENT_ASSET_PATHS = "\"TokenTracker/Preview Content\"";
				ENABLE_PREVIEWS = YES;
				GENERATE_INFOPLIST_FILE = YES;
				INFOPLIST_KEY_UIApplicationSceneManifest_Generation = YES;
				INFOPLIST_KEY_UIApplicationSupportsIndirectInputEvents = YES;
				INFOPLIST_KEY_UILaunchScreen_Generation = YES;
				INFOPLIST_KEY_UISupportedInterfaceOrientations_iPad = "UIInterfaceOrientationPortrait UIInterfaceOrientationPortraitUpsideDown UIInterfaceOrientationLandscapeLeft UIInterfaceOrientationLandscapeRight";
				INFOPLIST_KEY_UISupportedInterfaceOrientations_iPhone = "UIInterfaceOrientationPortrait UIInterfaceOrientationLandscapeLeft UIInterfaceOrientationLandscapeRight";
				LD_RUNPATH_SEARCH_PATHS = (
					"$(inherited)",
					"@executable_path/Frameworks",
				);
				MARKETING_VERSION = 1.0;
				PRODUCT_BUNDLE_IDENTIFIER = product.TokenTracker;
				PRODUCT_NAME = "$(TARGET_NAME)";
				SWIFT_EMIT_LOC_STRINGS = YES;
				SWIFT_VERSION = 5.0;
				TARGETED_DEVICE_FAMILY = "1,2";
			};
			name = Release;
		};
		572E9D342CEDCCDE00DC1813 /* Debug */ = {
			isa = XCBuildConfiguration;
			buildSettings = {
				BUNDLE_LOADER = "$(TEST_HOST)";
				CODE_SIGN_STYLE = Automatic;
				CURRENT_PROJECT_VERSION = 1;
				GENERATE_INFOPLIST_FILE = YES;
				IPHONEOS_DEPLOYMENT_TARGET = 18.1;
				MARKETING_VERSION = 1.0;
				PRODUCT_BUNDLE_IDENTIFIER = product.TokenTrackerTests;
				PRODUCT_NAME = "$(TARGET_NAME)";
				SWIFT_EMIT_LOC_STRINGS = NO;
				SWIFT_VERSION = 5.0;
				TARGETED_DEVICE_FAMILY = "1,2";
				TEST_HOST = "$(BUILT_PRODUCTS_DIR)/TokenTracker.app/$(BUNDLE_EXECUTABLE_FOLDER_PATH)/TokenTracker";
			};
			name = Debug;
		};
		572E9D352CEDCCDE00DC1813 /* Release */ = {
			isa = XCBuildConfiguration;
			buildSettings = {
				BUNDLE_LOADER = "$(TEST_HOST)";
				CODE_SIGN_STYLE = Automatic;
				CURRENT_PROJECT_VERSION = 1;
				GENERATE_INFOPLIST_FILE = YES;
				IPHONEOS_DEPLOYMENT_TARGET = 18.1;
				MARKETING_VERSION = 1.0;
				PRODUCT_BUNDLE_IDENTIFIER = product.TokenTrackerTests;
				PRODUCT_NAME = "$(TARGET_NAME)";
				SWIFT_EMIT_LOC_STRINGS = NO;
				SWIFT_VERSION = 5.0;
				TARGETED_DEVICE_FAMILY = "1,2";
				TEST_HOST = "$(BUILT_PRODUCTS_DIR)/TokenTracker.app/$(BUNDLE_EXECUTABLE_FOLDER_PATH)/TokenTracker";
			};
			name = Release;
		};
		572E9D372CEDCCDE00DC1813 /* Debug */ = {
			isa = XCBuildConfiguration;
			buildSettings = {
				CODE_SIGN_STYLE = Automatic;
				CURRENT_PROJECT_VERSION = 1;
				GENERATE_INFOPLIST_FILE = YES;
				MARKETING_VERSION = 1.0;
				PRODUCT_BUNDLE_IDENTIFIER = product.TokenTrackerUITests;
				PRODUCT_NAME = "$(TARGET_NAME)";
				SWIFT_EMIT_LOC_STRINGS = NO;
				SWIFT_VERSION = 5.0;
				TARGETED_DEVICE_FAMILY = "1,2";
				TEST_TARGET_NAME = TokenTracker;
			};
			name = Debug;
		};
		572E9D382CEDCCDE00DC1813 /* Release */ = {
			isa = XCBuildConfiguration;
			buildSettings = {
				CODE_SIGN_STYLE = Automatic;
				CURRENT_PROJECT_VERSION = 1;
				GENERATE_INFOPLIST_FILE = YES;
				MARKETING_VERSION = 1.0;
				PRODUCT_BUNDLE_IDENTIFIER = product.TokenTrackerUITests;
				PRODUCT_NAME = "$(TARGET_NAME)";
				SWIFT_EMIT_LOC_STRINGS = NO;
				SWIFT_VERSION = 5.0;
				TARGETED_DEVICE_FAMILY = "1,2";
				TEST_TARGET_NAME = TokenTracker;
			};
			name = Release;
		};
/* End XCBuildConfiguration section */

/* Begin XCConfigurationList section */
		572E9D072CEDCCDA00DC1813 /* Build configuration list for PBXProject "TokenTracker" */ = {
			isa = XCConfigurationList;
			buildConfigurations = (
				572E9D2E2CEDCCDE00DC1813 /* Debug */,
				572E9D2F2CEDCCDE00DC1813 /* Release */,
			);
			defaultConfigurationIsVisible = 0;
			defaultConfigurationName = Release;
		};
		572E9D302CEDCCDE00DC1813 /* Build configuration list for PBXNativeTarget "TokenTracker" */ = {
			isa = XCConfigurationList;
			buildConfigurations = (
				572E9D312CEDCCDE00DC1813 /* Debug */,
				572E9D322CEDCCDE00DC1813 /* Release */,
			);
			defaultConfigurationIsVisible = 0;
			defaultConfigurationName = Release;
		};
		572E9D332CEDCCDE00DC1813 /* Build configuration list for PBXNativeTarget "TokenTrackerTests" */ = {
			isa = XCConfigurationList;
			buildConfigurations = (
				572E9D342CEDCCDE00DC1813 /* Debug */,
				572E9D352CEDCCDE00DC1813 /* Release */,
			);
			defaultConfigurationIsVisible = 0;
			defaultConfigurationName = Release;
		};
		572E9D362CEDCCDE00DC1813 /* Build configuration list for PBXNativeTarget "TokenTrackerUITests" */ = {
			isa = XCConfigurationList;
			buildConfigurations = (
				572E9D372CEDCCDE00DC1813 /* Debug */,
				572E9D382CEDCCDE00DC1813 /* Release */,
			);
			defaultConfigurationIsVisible = 0;
			defaultConfigurationName = Release;
		};
/* End XCConfigurationList section */
	};
	rootObject = 572E9D042CEDCCDA00DC1813 /* Project object */;
}
